
Microsoft Visual Studio Solution File, Format Version 12.00
Project("{FAE04EC0-301F-11D3-BF4B-00C04F79EFBC}") = "CimBiosCoreExampleApp", "CimBiosCoreExampleApp.csproj", "{FF39C481-20C7-4CFA-92E9-3E115456247A}"
EndProject
Global
	GlobalSection(SolutionConfigurationPlatforms) = preSolution
		Debug|Any CPU = Debug|Any CPU
		Release|Any CPU = Release|Any CPU
	EndGlobalSection
	GlobalSection(ProjectConfigurationPlatforms) = postSolution
		{FF39C481-20C7-4CFA-92E9-3E115456247A}.Debug|Any CPU.ActiveCfg = Debug|Any CPU
		{FF39C481-20C7-4CFA-92E9-3E115456247A}.Debug|Any CPU.Build.0 = Debug|Any CPU
		{FF39C481-20C7-4CFA-92E9-3E115456247A}.Release|Any CPU.ActiveCfg = Release|Any CPU
		{FF39C481-20C7-4CFA-92E9-3E115456247A}.Release|Any CPU.Build.0 = Release|Any CPU
	EndGlobalSection
EndGlobal
